
Microsoft Visual Studio Solution File, Format Version 12.00
# Visual Studio 14
VisualStudioVersion = 14.0.25123.0
MinimumVisualStudioVersion = 10.0.40219.1
Project("{2150E333-8FDC-42A3-9474-1A3956D46DE8}") = "src", "src", "{4BEC299E-4E20-44DD-9E3B-59F0C3EA83C3}"
EndProject
Project("{2150E333-8FDC-42A3-9474-1A3956D46DE8}") = "Solution Items", "Solution Items", "{241ED849-0476-4640-A09E-58E83B1047B1}"
	ProjectSection(SolutionItems) = preProject
		global.json = global.json
	EndProjectSection
EndProject
Project("{8BB2217D-0F2D-49D1-97BC-3654ED321F3B}") = "QSwagWebApi", "src\QSwagWebApi\QSwagWebApi.xproj", "{0939EC23-0420-4530-9080-3FF27BC9B23C}"
EndProject
Project("{8BB2217D-0F2D-49D1-97BC-3654ED321F3B}") = "QSwagSchema", "src\QSwagSchema\QSwagSchema.xproj", "{F74A6E79-7B84-4D18-9E60-22925B080FEC}"
EndProject
Project("{8BB2217D-0F2D-49D1-97BC-3654ED321F3B}") = "QSwagGenerator", "src\QSwagGenerator\QSwagGenerator.xproj", "{44DBAE50-8205-4111-A191-2AD7B3417BFB}"
EndProject
Project("{8BB2217D-0F2D-49D1-97BC-3654ED321F3B}") = "QSwagTest", "src\QSwagTest\QSwagTest.xproj", "{AD737248-FF58-4C17-98C8-61C29D456FF4}"
EndProject
Global
	GlobalSection(SolutionConfigurationPlatforms) = preSolution
		Debug|Any CPU = Debug|Any CPU
		Release|Any CPU = Release|Any CPU
	EndGlobalSection
	GlobalSection(ProjectConfigurationPlatforms) = postSolution
		{0939EC23-0420-4530-9080-3FF27BC9B23C}.Debug|Any CPU.ActiveCfg = Debug|Any CPU
		{0939EC23-0420-4530-9080-3FF27BC9B23C}.Debug|Any CPU.Build.0 = Debug|Any CPU
		{0939EC23-0420-4530-9080-3FF27BC9B23C}.Release|Any CPU.ActiveCfg = Release|Any CPU
		{0939EC23-0420-4530-9080-3FF27BC9B23C}.Release|Any CPU.Build.0 = Release|Any CPU
		{F74A6E79-7B84-4D18-9E60-22925B080FEC}.Debug|Any CPU.ActiveCfg = Debug|Any CPU
		{F74A6E79-7B84-4D18-9E60-22925B080FEC}.Debug|Any CPU.Build.0 = Debug|Any CPU
		{F74A6E79-7B84-4D18-9E60-22925B080FEC}.Release|Any CPU.ActiveCfg = Release|Any CPU
		{F74A6E79-7B84-4D18-9E60-22925B080FEC}.Release|Any CPU.Build.0 = Release|Any CPU
		{44DBAE50-8205-4111-A191-2AD7B3417BFB}.Debug|Any CPU.ActiveCfg = Debug|Any CPU
		{44DBAE50-8205-4111-A191-2AD7B3417BFB}.Debug|Any CPU.Build.0 = Debug|Any CPU
		{44DBAE50-8205-4111-A191-2AD7B3417BFB}.Release|Any CPU.ActiveCfg = Release|Any CPU
		{44DBAE50-8205-4111-A191-2AD7B3417BFB}.Release|Any CPU.Build.0 = Release|Any CPU
		{AD737248-FF58-4C17-98C8-61C29D456FF4}.Debug|Any CPU.ActiveCfg = Debug|Any CPU
		{AD737248-FF58-4C17-98C8-61C29D456FF4}.Debug|Any CPU.Build.0 = Debug|Any CPU
		{AD737248-FF58-4C17-98C8-61C29D456FF4}.Release|Any CPU.ActiveCfg = Release|Any CPU
		{AD737248-FF58-4C17-98C8-61C29D456FF4}.Release|Any CPU.Build.0 = Release|Any CPU
	EndGlobalSection
	GlobalSection(SolutionProperties) = preSolution
		HideSolutionNode = FALSE
	EndGlobalSection
	GlobalSection(NestedProjects) = preSolution
		{0939EC23-0420-4530-9080-3FF27BC9B23C} = {4BEC299E-4E20-44DD-9E3B-59F0C3EA83C3}
		{F74A6E79-7B84-4D18-9E60-22925B080FEC} = {4BEC299E-4E20-44DD-9E3B-59F0C3EA83C3}
		{44DBAE50-8205-4111-A191-2AD7B3417BFB} = {4BEC299E-4E20-44DD-9E3B-59F0C3EA83C3}
		{AD737248-FF58-4C17-98C8-61C29D456FF4} = {4BEC299E-4E20-44DD-9E3B-59F0C3EA83C3}
	EndGlobalSection
EndGlobal
